
Microsoft Visual Studio Solution File, Format Version 12.00
# Visual Studio Version 17
VisualStudioVersion = 17.10.35201.131
MinimumVisualStudioVersion = 10.0.40219.1
Project("{9A19103F-16F7-4668-BE54-9A1E7A4F7556}") = "PiketWebApi", "PiketWebApi\PiketWebApi.csproj", "{59444ACA-D03C-4B8B-9168-7DFDC83C74BD}"
EndProject
Project("{FAE04EC0-301F-11D3-BF4B-00C04F79EFBC}") = "SharedModel", "SharedModel\SharedModel.csproj", "{4EB3A01C-6417-4963-AEDF-B08ACB6C057A}"
EndProject
Project("{FAE04EC0-301F-11D3-BF4B-00C04F79EFBC}") = "PicketMobile", "PicketMobile\PicketMobile.csproj", "{ADFF85E2-793C-49DD-91DA-F72AA307550F}"
EndProject
Global
	GlobalSection(SolutionConfigurationPlatforms) = preSolution
		Debug|Any CPU = Debug|Any CPU
		Release|Any CPU = Release|Any CPU
	EndGlobalSection
	GlobalSection(ProjectConfigurationPlatforms) = postSolution
		{59444ACA-D03C-4B8B-9168-7DFDC83C74BD}.Debug|Any CPU.ActiveCfg = Debug|Any CPU
		{59444ACA-D03C-4B8B-9168-7DFDC83C74BD}.Debug|Any CPU.Build.0 = Debug|Any CPU
		{59444ACA-D03C-4B8B-9168-7DFDC83C74BD}.Release|Any CPU.ActiveCfg = Release|Any CPU
		{59444ACA-D03C-4B8B-9168-7DFDC83C74BD}.Release|Any CPU.Build.0 = Release|Any CPU
		{4EB3A01C-6417-4963-AEDF-B08ACB6C057A}.Debug|Any CPU.ActiveCfg = Debug|Any CPU
		{4EB3A01C-6417-4963-AEDF-B08ACB6C057A}.Debug|Any CPU.Build.0 = Debug|Any CPU
		{4EB3A01C-6417-4963-AEDF-B08ACB6C057A}.Release|Any CPU.ActiveCfg = Release|Any CPU
		{4EB3A01C-6417-4963-AEDF-B08ACB6C057A}.Release|Any CPU.Build.0 = Release|Any CPU
		{ADFF85E2-793C-49DD-91DA-F72AA307550F}.Debug|Any CPU.ActiveCfg = Debug|Any CPU
		{ADFF85E2-793C-49DD-91DA-F72AA307550F}.Debug|Any CPU.Build.0 = Debug|Any CPU
		{ADFF85E2-793C-49DD-91DA-F72AA307550F}.Release|Any CPU.ActiveCfg = Release|Any CPU
		{ADFF85E2-793C-49DD-91DA-F72AA307550F}.Release|Any CPU.Build.0 = Release|Any CPU
	EndGlobalSection
	GlobalSection(SolutionProperties) = preSolution
		HideSolutionNode = FALSE
	EndGlobalSection
	GlobalSection(ExtensibilityGlobals) = postSolution
		SolutionGuid = {023F0474-7068-49C2-A82A-EC1F1419433A}
	EndGlobalSection
EndGlobal
